
Microsoft Visual Studio Solution File, Format Version 12.00
# Visual Studio Version 17
VisualStudioVersion = 17.2.32616.157
MinimumVisualStudioVersion = 10.0.40219.1
Project("{9A19103F-16F7-4668-BE54-9A1E7A4F7556}") = "EFCoreDemo", "EFCoreDemo\EFCoreDemo.csproj", "{1A75A74D-3AEA-433C-8AC6-F9ABEC1F1D61}"
EndProject
Project("{FAE04EC0-301F-11D3-BF4B-00C04F79EFBC}") = "EFCoreInWebAPI", "EFCoreInWebAPI\EFCoreInWebAPI.csproj", "{23ECA3ED-D6B7-4E58-A30A-CBCDD0669455}"
EndProject
Global
	GlobalSection(SolutionConfigurationPlatforms) = preSolution
		Debug|Any CPU = Debug|Any CPU
		Release|Any CPU = Release|Any CPU
	EndGlobalSection
	GlobalSection(ProjectConfigurationPlatforms) = postSolution
		{1A75A74D-3AEA-433C-8AC6-F9ABEC1F1D61}.Debug|Any CPU.ActiveCfg = Debug|Any CPU
		{1A75A74D-3AEA-433C-8AC6-F9ABEC1F1D61}.Debug|Any CPU.Build.0 = Debug|Any CPU
		{1A75A74D-3AEA-433C-8AC6-F9ABEC1F1D61}.Release|Any CPU.ActiveCfg = Release|Any CPU
		{1A75A74D-3AEA-433C-8AC6-F9ABEC1F1D61}.Release|Any CPU.Build.0 = Release|Any CPU
		{23ECA3ED-D6B7-4E58-A30A-CBCDD0669455}.Debug|Any CPU.ActiveCfg = Debug|Any CPU
		{23ECA3ED-D6B7-4E58-A30A-CBCDD0669455}.Debug|Any CPU.Build.0 = Debug|Any CPU
		{23ECA3ED-D6B7-4E58-A30A-CBCDD0669455}.Release|Any CPU.ActiveCfg = Release|Any CPU
		{23ECA3ED-D6B7-4E58-A30A-CBCDD0669455}.Release|Any CPU.Build.0 = Release|Any CPU
	EndGlobalSection
	GlobalSection(SolutionProperties) = preSolution
		HideSolutionNode = FALSE
	EndGlobalSection
	GlobalSection(ExtensibilityGlobals) = postSolution
		SolutionGuid = {366F4F5B-02FD-4770-9243-7C150472F584}
	EndGlobalSection
EndGlobal
